
Microsoft Visual Studio Solution File, Format Version 12.00
# Visual Studio 14
VisualStudioVersion = 14.0.24720.0
MinimumVisualStudioVersion = 10.0.40219.1
Project("{FAE04EC0-301F-11D3-BF4B-00C04F79EFBC}") = "Example5", "Example5\Example5.csproj", "{AFA21BBF-FE40-44E3-B980-901ACD210B0B}"
EndProject
Global
	GlobalSection(SolutionConfigurationPlatforms) = preSolution
		Debug|Any CPU = Debug|Any CPU
		Release|Any CPU = Release|Any CPU
	EndGlobalSection
	GlobalSection(ProjectConfigurationPlatforms) = postSolution
		{AFA21BBF-FE40-44E3-B980-901ACD210B0B}.Debug|Any CPU.ActiveCfg = Debug|Any CPU
		{AFA21BBF-FE40-44E3-B980-901ACD210B0B}.Debug|Any CPU.Build.0 = Debug|Any CPU
		{AFA21BBF-FE40-44E3-B980-901ACD210B0B}.Release|Any CPU.ActiveCfg = Release|Any CPU
		{AFA21BBF-FE40-44E3-B980-901ACD210B0B}.Release|Any CPU.Build.0 = Release|Any CPU
	EndGlobalSection
	GlobalSection(SolutionProperties) = preSolution
		HideSolutionNode = FALSE
	EndGlobalSection
EndGlobal
